
Microsoft Visual Studio Solution File, Format Version 12.00
# Visual Studio Version 17
VisualStudioVersion = 17.14.36109.1
MinimumVisualStudioVersion = 10.0.40219.1
Project("{FAE04EC0-301F-11D3-BF4B-00C04F79EFBC}") = "LabWork6", "LabWork6\LabWork6.csproj", "{04C574DF-2C0C-42AB-B3B8-1B69E1C0544D}"
EndProject
Project("{FAE04EC0-301F-11D3-BF4B-00C04F79EFBC}") = "Task2", "Task2\Task2.csproj", "{9BDA4CEA-7B5F-41C5-A672-C6EBE14DB672}"
EndProject
Project("{FAE04EC0-301F-11D3-BF4B-00C04F79EFBC}") = "Task4", "Task4\Task4.csproj", "{36E53582-6BFE-4000-AE62-ADC700446EB1}"
EndProject
Project("{FAE04EC0-301F-11D3-BF4B-00C04F79EFBC}") = "Task3", "Task3\Task3.csproj", "{04B2A939-B59E-45C6-82AD-C50CEA2D1C10}"
EndProject
Project("{FAE04EC0-301F-11D3-BF4B-00C04F79EFBC}") = "Task5", "Task5\Task5.csproj", "{99356701-7271-41CA-AFA3-9B2443AF6499}"
EndProject
Global
	GlobalSection(SolutionConfigurationPlatforms) = preSolution
		Debug|Any CPU = Debug|Any CPU
		Release|Any CPU = Release|Any CPU
	EndGlobalSection
	GlobalSection(ProjectConfigurationPlatforms) = postSolution
		{04C574DF-2C0C-42AB-B3B8-1B69E1C0544D}.Debug|Any CPU.ActiveCfg = Debug|Any CPU
		{04C574DF-2C0C-42AB-B3B8-1B69E1C0544D}.Debug|Any CPU.Build.0 = Debug|Any CPU
		{04C574DF-2C0C-42AB-B3B8-1B69E1C0544D}.Release|Any CPU.ActiveCfg = Release|Any CPU
		{04C574DF-2C0C-42AB-B3B8-1B69E1C0544D}.Release|Any CPU.Build.0 = Release|Any CPU
		{9BDA4CEA-7B5F-41C5-A672-C6EBE14DB672}.Debug|Any CPU.ActiveCfg = Debug|Any CPU
		{9BDA4CEA-7B5F-41C5-A672-C6EBE14DB672}.Debug|Any CPU.Build.0 = Debug|Any CPU
		{9BDA4CEA-7B5F-41C5-A672-C6EBE14DB672}.Release|Any CPU.ActiveCfg = Release|Any CPU
		{9BDA4CEA-7B5F-41C5-A672-C6EBE14DB672}.Release|Any CPU.Build.0 = Release|Any CPU
		{36E53582-6BFE-4000-AE62-ADC700446EB1}.Debug|Any CPU.ActiveCfg = Debug|Any CPU
		{36E53582-6BFE-4000-AE62-ADC700446EB1}.Debug|Any CPU.Build.0 = Debug|Any CPU
		{36E53582-6BFE-4000-AE62-ADC700446EB1}.Release|Any CPU.ActiveCfg = Release|Any CPU
		{36E53582-6BFE-4000-AE62-ADC700446EB1}.Release|Any CPU.Build.0 = Release|Any CPU
		{04B2A939-B59E-45C6-82AD-C50CEA2D1C10}.Debug|Any CPU.ActiveCfg = Debug|Any CPU
		{04B2A939-B59E-45C6-82AD-C50CEA2D1C10}.Debug|Any CPU.Build.0 = Debug|Any CPU
		{04B2A939-B59E-45C6-82AD-C50CEA2D1C10}.Release|Any CPU.ActiveCfg = Release|Any CPU
		{04B2A939-B59E-45C6-82AD-C50CEA2D1C10}.Release|Any CPU.Build.0 = Release|Any CPU
		{99356701-7271-41CA-AFA3-9B2443AF6499}.Debug|Any CPU.ActiveCfg = Debug|Any CPU
		{99356701-7271-41CA-AFA3-9B2443AF6499}.Debug|Any CPU.Build.0 = Debug|Any CPU
		{99356701-7271-41CA-AFA3-9B2443AF6499}.Release|Any CPU.ActiveCfg = Release|Any CPU
		{99356701-7271-41CA-AFA3-9B2443AF6499}.Release|Any CPU.Build.0 = Release|Any CPU
	EndGlobalSection
	GlobalSection(SolutionProperties) = preSolution
		HideSolutionNode = FALSE
	EndGlobalSection
	GlobalSection(ExtensibilityGlobals) = postSolution
		SolutionGuid = {AD473A8C-4982-4CB3-B744-227A7C3D297E}
	EndGlobalSection
EndGlobal
