
Microsoft Visual Studio Solution File, Format Version 12.00
# Visual Studio Version 17
VisualStudioVersion = 17.14.36109.1
MinimumVisualStudioVersion = 10.0.40219.1
Project("{FAE04EC0-301F-11D3-BF4B-00C04F79EFBC}") = "DataLayer", "DataLayer\DataLayer.csproj", "{B8D7C9B1-620B-4DE9-AF5F-E3F80FBCB8B8}"
EndProject
Project("{FAE04EC0-301F-11D3-BF4B-00C04F79EFBC}") = "API", "API\API.csproj", "{205B0C15-D715-460B-B6E9-4D514648E2B3}"
EndProject
Project("{FAE04EC0-301F-11D3-BF4B-00C04F79EFBC}") = "APP", "APP\APP.csproj", "{F71F44C5-1223-4FB5-A250-854620C26BBA}"
EndProject
Global
	GlobalSection(SolutionConfigurationPlatforms) = preSolution
		Debug|Any CPU = Debug|Any CPU
		Release|Any CPU = Release|Any CPU
	EndGlobalSection
	GlobalSection(ProjectConfigurationPlatforms) = postSolution
		{B8D7C9B1-620B-4DE9-AF5F-E3F80FBCB8B8}.Debug|Any CPU.ActiveCfg = Debug|Any CPU
		{B8D7C9B1-620B-4DE9-AF5F-E3F80FBCB8B8}.Debug|Any CPU.Build.0 = Debug|Any CPU
		{B8D7C9B1-620B-4DE9-AF5F-E3F80FBCB8B8}.Release|Any CPU.ActiveCfg = Release|Any CPU
		{B8D7C9B1-620B-4DE9-AF5F-E3F80FBCB8B8}.Release|Any CPU.Build.0 = Release|Any CPU
		{205B0C15-D715-460B-B6E9-4D514648E2B3}.Debug|Any CPU.ActiveCfg = Debug|Any CPU
		{205B0C15-D715-460B-B6E9-4D514648E2B3}.Debug|Any CPU.Build.0 = Debug|Any CPU
		{205B0C15-D715-460B-B6E9-4D514648E2B3}.Release|Any CPU.ActiveCfg = Release|Any CPU
		{205B0C15-D715-460B-B6E9-4D514648E2B3}.Release|Any CPU.Build.0 = Release|Any CPU
		{F71F44C5-1223-4FB5-A250-854620C26BBA}.Debug|Any CPU.ActiveCfg = Debug|Any CPU
		{F71F44C5-1223-4FB5-A250-854620C26BBA}.Debug|Any CPU.Build.0 = Debug|Any CPU
		{F71F44C5-1223-4FB5-A250-854620C26BBA}.Release|Any CPU.ActiveCfg = Release|Any CPU
		{F71F44C5-1223-4FB5-A250-854620C26BBA}.Release|Any CPU.Build.0 = Release|Any CPU
	EndGlobalSection
	GlobalSection(SolutionProperties) = preSolution
		HideSolutionNode = FALSE
	EndGlobalSection
	GlobalSection(ExtensibilityGlobals) = postSolution
		SolutionGuid = {F41A6560-8536-4F33-B2A6-37E0723871BB}
	EndGlobalSection
EndGlobal
