
Microsoft Visual Studio Solution File, Format Version 12.00
# Visual Studio Version 17
VisualStudioVersion = 17.14.36109.1 d17.14
MinimumVisualStudioVersion = 10.0.40219.1
Project("{FAE04EC0-301F-11D3-BF4B-00C04F79EFBC}") = "Task1", "Task1\Task1.csproj", "{CC0509AA-A05F-4805-87DF-E85F9814EA78}"
EndProject
Project("{FAE04EC0-301F-11D3-BF4B-00C04F79EFBC}") = "Task2", "Task2\Task2.csproj", "{70D5778C-23E7-4153-83CC-9BA39DBB2461}"
EndProject
Project("{FAE04EC0-301F-11D3-BF4B-00C04F79EFBC}") = "Task3", "Task3\Task3.csproj", "{88CB5004-03FC-4B7C-8E06-555BE95BEB4F}"
EndProject
Global
	GlobalSection(SolutionConfigurationPlatforms) = preSolution
		Debug|Any CPU = Debug|Any CPU
		Release|Any CPU = Release|Any CPU
	EndGlobalSection
	GlobalSection(ProjectConfigurationPlatforms) = postSolution
		{CC0509AA-A05F-4805-87DF-E85F9814EA78}.Debug|Any CPU.ActiveCfg = Debug|Any CPU
		{CC0509AA-A05F-4805-87DF-E85F9814EA78}.Debug|Any CPU.Build.0 = Debug|Any CPU
		{CC0509AA-A05F-4805-87DF-E85F9814EA78}.Release|Any CPU.ActiveCfg = Release|Any CPU
		{CC0509AA-A05F-4805-87DF-E85F9814EA78}.Release|Any CPU.Build.0 = Release|Any CPU
		{70D5778C-23E7-4153-83CC-9BA39DBB2461}.Debug|Any CPU.ActiveCfg = Debug|Any CPU
		{70D5778C-23E7-4153-83CC-9BA39DBB2461}.Debug|Any CPU.Build.0 = Debug|Any CPU
		{70D5778C-23E7-4153-83CC-9BA39DBB2461}.Release|Any CPU.ActiveCfg = Release|Any CPU
		{70D5778C-23E7-4153-83CC-9BA39DBB2461}.Release|Any CPU.Build.0 = Release|Any CPU
		{88CB5004-03FC-4B7C-8E06-555BE95BEB4F}.Debug|Any CPU.ActiveCfg = Debug|Any CPU
		{88CB5004-03FC-4B7C-8E06-555BE95BEB4F}.Debug|Any CPU.Build.0 = Debug|Any CPU
		{88CB5004-03FC-4B7C-8E06-555BE95BEB4F}.Release|Any CPU.ActiveCfg = Release|Any CPU
		{88CB5004-03FC-4B7C-8E06-555BE95BEB4F}.Release|Any CPU.Build.0 = Release|Any CPU
	EndGlobalSection
	GlobalSection(SolutionProperties) = preSolution
		HideSolutionNode = FALSE
	EndGlobalSection
	GlobalSection(ExtensibilityGlobals) = postSolution
		SolutionGuid = {116F70F4-C2EF-49A6-BD03-B9FF9AC088D0}
	EndGlobalSection
EndGlobal
