
Microsoft Visual Studio Solution File, Format Version 12.00
# Visual Studio Version 17
VisualStudioVersion = 17.14.36109.1
MinimumVisualStudioVersion = 10.0.40219.1
Project("{FAE04EC0-301F-11D3-BF4B-00C04F79EFBC}") = "Tests", "Tests\Tests.csproj", "{F605674C-C4AE-4EC2-AB8F-3BE74EA68862}"
EndProject
Project("{FAE04EC0-301F-11D3-BF4B-00C04F79EFBC}") = "MyLibrary", "MyLibrary\MyLibrary.csproj", "{1350B537-E694-4D37-9B61-366D56DCEDA4}"
EndProject
Project("{FAE04EC0-301F-11D3-BF4B-00C04F79EFBC}") = "RegistrationTests", "RegistrationTests\RegistrationTests.csproj", "{90A072DA-3399-4942-A984-A91417BB26DE}"
EndProject
Project("{FAE04EC0-301F-11D3-BF4B-00C04F79EFBC}") = "ApiTest", "ApiTest\ApiTest.csproj", "{5315D25F-A2FB-4A42-8701-FAE1A67E5B43}"
EndProject
Global
	GlobalSection(SolutionConfigurationPlatforms) = preSolution
		Debug|Any CPU = Debug|Any CPU
		Release|Any CPU = Release|Any CPU
	EndGlobalSection
	GlobalSection(ProjectConfigurationPlatforms) = postSolution
		{F605674C-C4AE-4EC2-AB8F-3BE74EA68862}.Debug|Any CPU.ActiveCfg = Debug|Any CPU
		{F605674C-C4AE-4EC2-AB8F-3BE74EA68862}.Debug|Any CPU.Build.0 = Debug|Any CPU
		{F605674C-C4AE-4EC2-AB8F-3BE74EA68862}.Release|Any CPU.ActiveCfg = Release|Any CPU
		{F605674C-C4AE-4EC2-AB8F-3BE74EA68862}.Release|Any CPU.Build.0 = Release|Any CPU
		{1350B537-E694-4D37-9B61-366D56DCEDA4}.Debug|Any CPU.ActiveCfg = Debug|Any CPU
		{1350B537-E694-4D37-9B61-366D56DCEDA4}.Debug|Any CPU.Build.0 = Debug|Any CPU
		{1350B537-E694-4D37-9B61-366D56DCEDA4}.Release|Any CPU.ActiveCfg = Release|Any CPU
		{1350B537-E694-4D37-9B61-366D56DCEDA4}.Release|Any CPU.Build.0 = Release|Any CPU
		{90A072DA-3399-4942-A984-A91417BB26DE}.Debug|Any CPU.ActiveCfg = Debug|Any CPU
		{90A072DA-3399-4942-A984-A91417BB26DE}.Debug|Any CPU.Build.0 = Debug|Any CPU
		{90A072DA-3399-4942-A984-A91417BB26DE}.Release|Any CPU.ActiveCfg = Release|Any CPU
		{90A072DA-3399-4942-A984-A91417BB26DE}.Release|Any CPU.Build.0 = Release|Any CPU
		{5315D25F-A2FB-4A42-8701-FAE1A67E5B43}.Debug|Any CPU.ActiveCfg = Debug|Any CPU
		{5315D25F-A2FB-4A42-8701-FAE1A67E5B43}.Debug|Any CPU.Build.0 = Debug|Any CPU
		{5315D25F-A2FB-4A42-8701-FAE1A67E5B43}.Release|Any CPU.ActiveCfg = Release|Any CPU
		{5315D25F-A2FB-4A42-8701-FAE1A67E5B43}.Release|Any CPU.Build.0 = Release|Any CPU
	EndGlobalSection
	GlobalSection(SolutionProperties) = preSolution
		HideSolutionNode = FALSE
	EndGlobalSection
	GlobalSection(ExtensibilityGlobals) = postSolution
		SolutionGuid = {4C607471-E888-4BFB-A388-7AA168F2BCB0}
	EndGlobalSection
EndGlobal
