
Microsoft Visual Studio Solution File, Format Version 12.00
# Visual Studio Version 17
VisualStudioVersion = 17.14.36109.1 d17.14
MinimumVisualStudioVersion = 10.0.40219.1
Project("{FAE04EC0-301F-11D3-BF4B-00C04F79EFBC}") = "Test2", "Test2\Test2.csproj", "{A8CAF964-7296-42D0-979C-350DFF2E55E6}"
EndProject
Global
	GlobalSection(SolutionConfigurationPlatforms) = preSolution
		Debug|Any CPU = Debug|Any CPU
		Release|Any CPU = Release|Any CPU
	EndGlobalSection
	GlobalSection(ProjectConfigurationPlatforms) = postSolution
		{A8CAF964-7296-42D0-979C-350DFF2E55E6}.Debug|Any CPU.ActiveCfg = Debug|Any CPU
		{A8CAF964-7296-42D0-979C-350DFF2E55E6}.Debug|Any CPU.Build.0 = Debug|Any CPU
		{A8CAF964-7296-42D0-979C-350DFF2E55E6}.Release|Any CPU.ActiveCfg = Release|Any CPU
		{A8CAF964-7296-42D0-979C-350DFF2E55E6}.Release|Any CPU.Build.0 = Release|Any CPU
	EndGlobalSection
	GlobalSection(SolutionProperties) = preSolution
		HideSolutionNode = FALSE
	EndGlobalSection
	GlobalSection(ExtensibilityGlobals) = postSolution
		SolutionGuid = {621F9DB1-8D16-425A-A17D-D45797BF983C}
	EndGlobalSection
EndGlobal
