
Microsoft Visual Studio Solution File, Format Version 12.00
# Visual Studio Version 17
VisualStudioVersion = 17.14.36109.1 d17.14
MinimumVisualStudioVersion = 10.0.40219.1
Project("{FAE04EC0-301F-11D3-BF4B-00C04F79EFBC}") = "LabWork5RealTask1", "LabWork5RealTask1\LabWork5RealTask1.csproj", "{5888D17D-ED21-4586-820C-27F414216BFF}"
EndProject
Project("{FAE04EC0-301F-11D3-BF4B-00C04F79EFBC}") = "LabWork5RealTask1.2", "LabWork5RealTask1.2\LabWork5RealTask1.2.csproj", "{EC1E4CDD-F810-45D1-A5CC-C7D463846C7D}"
EndProject
Project("{FAE04EC0-301F-11D3-BF4B-00C04F79EFBC}") = "LabWork5RealTask2", "LabWork5RealTask2\LabWork5RealTask2.csproj", "{4C264F1B-333A-46B1-9FBC-63833438BCFD}"
EndProject
Project("{FAE04EC0-301F-11D3-BF4B-00C04F79EFBC}") = "LabWork5RealTask3", "LabWork5RealTask3\LabWork5RealTask3.csproj", "{F3C5E175-BB37-4467-B53C-0F86FF30D117}"
EndProject
Project("{FAE04EC0-301F-11D3-BF4B-00C04F79EFBC}") = "LabWork5RealTask4", "LabWork5RealTask4\LabWork5RealTask4.csproj", "{157AF4C9-D2FC-4C38-9113-40D8EFADB167}"
EndProject
Global
	GlobalSection(SolutionConfigurationPlatforms) = preSolution
		Debug|Any CPU = Debug|Any CPU
		Release|Any CPU = Release|Any CPU
	EndGlobalSection
	GlobalSection(ProjectConfigurationPlatforms) = postSolution
		{5888D17D-ED21-4586-820C-27F414216BFF}.Debug|Any CPU.ActiveCfg = Debug|Any CPU
		{5888D17D-ED21-4586-820C-27F414216BFF}.Debug|Any CPU.Build.0 = Debug|Any CPU
		{5888D17D-ED21-4586-820C-27F414216BFF}.Release|Any CPU.ActiveCfg = Release|Any CPU
		{5888D17D-ED21-4586-820C-27F414216BFF}.Release|Any CPU.Build.0 = Release|Any CPU
		{EC1E4CDD-F810-45D1-A5CC-C7D463846C7D}.Debug|Any CPU.ActiveCfg = Debug|Any CPU
		{EC1E4CDD-F810-45D1-A5CC-C7D463846C7D}.Debug|Any CPU.Build.0 = Debug|Any CPU
		{EC1E4CDD-F810-45D1-A5CC-C7D463846C7D}.Release|Any CPU.ActiveCfg = Release|Any CPU
		{EC1E4CDD-F810-45D1-A5CC-C7D463846C7D}.Release|Any CPU.Build.0 = Release|Any CPU
		{4C264F1B-333A-46B1-9FBC-63833438BCFD}.Debug|Any CPU.ActiveCfg = Debug|Any CPU
		{4C264F1B-333A-46B1-9FBC-63833438BCFD}.Debug|Any CPU.Build.0 = Debug|Any CPU
		{4C264F1B-333A-46B1-9FBC-63833438BCFD}.Release|Any CPU.ActiveCfg = Release|Any CPU
		{4C264F1B-333A-46B1-9FBC-63833438BCFD}.Release|Any CPU.Build.0 = Release|Any CPU
		{F3C5E175-BB37-4467-B53C-0F86FF30D117}.Debug|Any CPU.ActiveCfg = Debug|Any CPU
		{F3C5E175-BB37-4467-B53C-0F86FF30D117}.Debug|Any CPU.Build.0 = Debug|Any CPU
		{F3C5E175-BB37-4467-B53C-0F86FF30D117}.Release|Any CPU.ActiveCfg = Release|Any CPU
		{F3C5E175-BB37-4467-B53C-0F86FF30D117}.Release|Any CPU.Build.0 = Release|Any CPU
		{157AF4C9-D2FC-4C38-9113-40D8EFADB167}.Debug|Any CPU.ActiveCfg = Debug|Any CPU
		{157AF4C9-D2FC-4C38-9113-40D8EFADB167}.Debug|Any CPU.Build.0 = Debug|Any CPU
		{157AF4C9-D2FC-4C38-9113-40D8EFADB167}.Release|Any CPU.ActiveCfg = Release|Any CPU
		{157AF4C9-D2FC-4C38-9113-40D8EFADB167}.Release|Any CPU.Build.0 = Release|Any CPU
	EndGlobalSection
	GlobalSection(SolutionProperties) = preSolution
		HideSolutionNode = FALSE
	EndGlobalSection
	GlobalSection(ExtensibilityGlobals) = postSolution
		SolutionGuid = {36B56D9D-63B9-43B0-8B1A-52C01A7DAB98}
	EndGlobalSection
EndGlobal
